Microsoft Visual Studio Solution File, Format Version 11.00
# Visual Studio 2008

Project("{42F035B0-190A-B4B3-5007-1E0CACC78E49}") = "BabyArrowSimulator", "Assembly-CSharp.csproj", "{514AFB19-B286-2E38-D601-8EA0FDF87F1E}"
EndProject
Global
	GlobalSection(SolutionConfigurationPlatforms) = preSolution
		Debug|Any CPU = Debug|Any CPU
		Release|Any CPU = Release|Any CPU
	EndGlobalSection
	GlobalSection(ProjectConfigurationPlatforms) = postSolution
		{514AFB19-B286-2E38-D601-8EA0FDF87F1E}.Debug|Any CPU.ActiveCfg = Debug|Any CPU
		{514AFB19-B286-2E38-D601-8EA0FDF87F1E}.Debug|Any CPU.Build.0 = Debug|Any CPU
		{514AFB19-B286-2E38-D601-8EA0FDF87F1E}.Release|Any CPU.ActiveCfg = Release|Any CPU
		{514AFB19-B286-2E38-D601-8EA0FDF87F1E}.Release|Any CPU.Build.0 = Release|Any CPU
	EndGlobalSection
	GlobalSection(SolutionProperties) = preSolution
		HideSolutionNode = FALSE
	EndGlobalSection
	GlobalSection(MonoDevelopProperties) = preSolution
		StartupItem = Assembly-CSharp.csproj
	EndGlobalSection
EndGlobal
